
Microsoft Visual Studio Solution File, Format Version 12.00
# Visual Studio Version 16
VisualStudioVersion = 16.0.32126.315
MinimumVisualStudioVersion = 10.0.40219.1
Project("{FAE04EC0-301F-11D3-BF4B-00C04F79EFBC}") = "myfirstMVC", "myfirstMVC\myfirstMVC.csproj", "{BA03F340-50F6-44EF-BCC4-6B4952B1821D}"
EndProject
Global
	GlobalSection(SolutionConfigurationPlatforms) = preSolution
		Debug|Any CPU = Debug|Any CPU
		Release|Any CPU = Release|Any CPU
	EndGlobalSection
	GlobalSection(ProjectConfigurationPlatforms) = postSolution
		{BA03F340-50F6-44EF-BCC4-6B4952B1821D}.Debug|Any CPU.ActiveCfg = Debug|Any CPU
		{BA03F340-50F6-44EF-BCC4-6B4952B1821D}.Debug|Any CPU.Build.0 = Debug|Any CPU
		{BA03F340-50F6-44EF-BCC4-6B4952B1821D}.Release|Any CPU.ActiveCfg = Release|Any CPU
		{BA03F340-50F6-44EF-BCC4-6B4952B1821D}.Release|Any CPU.Build.0 = Release|Any CPU
	EndGlobalSection
	GlobalSection(SolutionProperties) = preSolution
		HideSolutionNode = FALSE
	EndGlobalSection
	GlobalSection(ExtensibilityGlobals) = postSolution
		SolutionGuid = {5F0B784E-7E0A-484D-A8FA-8B1D48D23C9D}
	EndGlobalSection
EndGlobal
